// !$*UTF8*$!
{
	archiveVersion = 1;
	classes = {
	};
	objectVersion = 55;
	objects = {

/* Begin PBXBuildFile section */
		02BE7490B9017B99796A3C5E /* Pods_First_Seminar.framework in Frameworks */ = {isa = PBXBuildFile; fileRef = EB8BE4C14222BFF20A78A041 /* Pods_First_Seminar.framework */; };
		09587B1A28F842BC000E27F4 /* HomeViewController.swift in Sources */ = {isa = PBXBuildFile; fileRef = 09587B1928F842BC000E27F4 /* HomeViewController.swift */; };
		09587B1C28F84CCA000E27F4 /* ProfileViewController.swift in Sources */ = {isa = PBXBuildFile; fileRef = 09587B1B28F84CCA000E27F4 /* ProfileViewController.swift */; };
		09587B2528F87C30000E27F4 /* UIViewController+.swift in Sources */ = {isa = PBXBuildFile; fileRef = 09587B2428F87C30000E27F4 /* UIViewController+.swift */; };
		D581500D28EBCB640079FFC0 /* AppDelegate.swift in Sources */ = {isa = PBXBuildFile; fileRef = D581500C28EBCB640079FFC0 /* AppDelegate.swift */; };
		D581500F28EBCB640079FFC0 /* SceneDelegate.swift in Sources */ = {isa = PBXBuildFile; fileRef = D581500E28EBCB640079FFC0 /* SceneDelegate.swift */; };
		D581501128EBCB640079FFC0 /* SignInViewController.swift in Sources */ = {isa = PBXBuildFile; fileRef = D581501028EBCB640079FFC0 /* SignInViewController.swift */; };
		D581501628EBCB660079FFC0 /* Assets.xcassets in Resources */ = {isa = PBXBuildFile; fileRef = D581501528EBCB660079FFC0 /* Assets.xcassets */; };
		D581501928EBCB660079FFC0 /* LaunchScreen.storyboard in Resources */ = {isa = PBXBuildFile; fileRef = D581501728EBCB660079FFC0 /* LaunchScreen.storyboard */; };
		D581502128EC02F10079FFC0 /* SignUpViewController.swift in Sources */ = {isa = PBXBuildFile; fileRef = D581502028EC02F10079FFC0 /* SignUpViewController.swift */; };
		D581502328EC03800079FFC0 /* WelcomeViewController.swift in Sources */ = {isa = PBXBuildFile; fileRef = D581502228EC03800079FFC0 /* WelcomeViewController.swift */; };
/* End PBXBuildFile section */

/* Begin PBXFileReference section */
		09587B1928F842BC000E27F4 /* HomeViewController.swift */ = {isa = PBXFileReference; lastKnownFileType = sourcecode.swift; path = HomeViewController.swift; sourceTree = "<group>"; };
		09587B1B28F84CCA000E27F4 /* ProfileViewController.swift */ = {isa = PBXFileReference; lastKnownFileType = sourcecode.swift; path = ProfileViewController.swift; sourceTree = "<group>"; };
		09587B2428F87C30000E27F4 /* UIViewController+.swift */ = {isa = PBXFileReference; lastKnownFileType = sourcecode.swift; path = "UIViewController+.swift"; sourceTree = "<group>"; };
		33F266797850FD35D85AD1C3 /* Pods-First_Seminar.release.xcconfig */ = {isa = PBXFileReference; includeInIndex = 1; lastKnownFileType = text.xcconfig; name = "Pods-First_Seminar.release.xcconfig"; path = "Target Support Files/Pods-First_Seminar/Pods-First_Seminar.release.xcconfig"; sourceTree = "<group>"; };
		D323308309434ADBE28EA0C8 /* Pods-First_Seminar.debug.xcconfig */ = {isa = PBXFileReference; includeInIndex = 1; lastKnownFileType = text.xcconfig; name = "Pods-First_Seminar.debug.xcconfig"; path = "Target Support Files/Pods-First_Seminar/Pods-First_Seminar.debug.xcconfig"; sourceTree = "<group>"; };
		D581500928EBCB640079FFC0 /* First_Seminar.app */ = {isa = PBXFileReference; explicitFileType = wrapper.application; includeInIndex = 0; path = First_Seminar.app; sourceTree = BUILT_PRODUCTS_DIR; };
		D581500C28EBCB640079FFC0 /* AppDelegate.swift */ = {isa = PBXFileReference; lastKnownFileType = sourcecode.swift; path = AppDelegate.swift; sourceTree = "<group>"; };
		D581500E28EBCB640079FFC0 /* SceneDelegate.swift */ = {isa = PBXFileReference; lastKnownFileType = sourcecode.swift; path = SceneDelegate.swift; sourceTree = "<group>"; };
		D581501028EBCB640079FFC0 /* SignInViewController.swift */ = {isa = PBXFileReference; lastKnownFileType = sourcecode.swift; path = SignInViewController.swift; sourceTree = "<group>"; };
		D581501528EBCB660079FFC0 /* Assets.xcassets */ = {isa = PBXFileReference; lastKnownFileType = folder.assetcatalog; path = Assets.xcassets; sourceTree = "<group>"; };
		D581501828EBCB660079FFC0 /* Base */ = {isa = PBXFileReference; lastKnownFileType = file.storyboard; name = Base; path = Base.lproj/LaunchScreen.storyboard; sourceTree = "<group>"; };
		D581501A28EBCB660079FFC0 /* Info.plist */ = {isa = PBXFileReference; lastKnownFileType = text.plist.xml; path = Info.plist; sourceTree = "<group>"; };
		D581502028EC02F10079FFC0 /* SignUpViewController.swift */ = {isa = PBXFileReference; lastKnownFileType = sourcecode.swift; path = SignUpViewController.swift; sourceTree = "<group>"; };
		D581502228EC03800079FFC0 /* WelcomeViewController.swift */ = {isa = PBXFileReference; lastKnownFileType = sourcecode.swift; path = WelcomeViewController.swift; sourceTree = "<group>"; };
		EB8BE4C14222BFF20A78A041 /* Pods_First_Seminar.framework */ = {isa = PBXFileReference; explicitFileType = wrapper.framework; includeInIndex = 0; path = Pods_First_Seminar.framework; sourceTree = BUILT_PRODUCTS_DIR; };
/* End PBXFileReference section */

/* Begin PBXFrameworksBuildPhase section */
		D581500628EBCB640079FFC0 /* Frameworks */ = {
			isa = PBXFrameworksBuildPhase;
			buildActionMask = 2147483647;
			files = (
				02BE7490B9017B99796A3C5E /* Pods_First_Seminar.framework in Frameworks */,
			);
			runOnlyForDeploymentPostprocessing = 0;
		};
/* End PBXFrameworksBuildPhase section */

/* Begin PBXGroup section */
		09587B1D28F87033000E27F4 /* Home */ = {
			isa = PBXGroup;
			children = (
				09587B1928F842BC000E27F4 /* HomeViewController.swift */,
			);
			path = Home;
			sourceTree = "<group>";
		};
		09587B1F28F87049000E27F4 /* Delegate */ = {
			isa = PBXGroup;
			children = (
				D581500C28EBCB640079FFC0 /* AppDelegate.swift */,
				D581500E28EBCB640079FFC0 /* SceneDelegate.swift */,
			);
			path = Delegate;
			sourceTree = "<group>";
		};
		09587B2028F87059000E27F4 /* Profile */ = {
			isa = PBXGroup;
			children = (
				09587B1B28F84CCA000E27F4 /* ProfileViewController.swift */,
			);
			path = Profile;
			sourceTree = "<group>";
		};
		09587B2128F87BE2000E27F4 /* Extension */ = {
			isa = PBXGroup;
			children = (
				09587B2428F87C30000E27F4 /* UIViewController+.swift */,
			);
			path = Extension;
			sourceTree = "<group>";
		};
		09587B2628F87D33000E27F4 /* Sign */ = {
			isa = PBXGroup;
			children = (
				D581502028EC02F10079FFC0 /* SignUpViewController.swift */,
				D581501028EBCB640079FFC0 /* SignInViewController.swift */,
				D581502228EC03800079FFC0 /* WelcomeViewController.swift */,
			);
			path = Sign;
			sourceTree = "<group>";
		};
		09587B2728F87D4D000E27F4 /* Resource */ = {
			isa = PBXGroup;
			children = (
				D581501528EBCB660079FFC0 /* Assets.xcassets */,
			);
			path = Resource;
			sourceTree = "<group>";
		};
		09587B2828F87D59000E27F4 /* Global */ = {
			isa = PBXGroup;
			children = (
				09587B2728F87D4D000E27F4 /* Resource */,
				09587B1F28F87049000E27F4 /* Delegate */,
				09587B2128F87BE2000E27F4 /* Extension */,
			);
			path = Global;
			sourceTree = "<group>";
		};
		09587B2928F87D6B000E27F4 /* Screen */ = {
			isa = PBXGroup;
			children = (
				09587B2628F87D33000E27F4 /* Sign */,
				09587B1D28F87033000E27F4 /* Home */,
				09587B2028F87059000E27F4 /* Profile */,
			);
			path = Screen;
			sourceTree = "<group>";
		};
		2C5DAF4EC6144554B08972D6 /* Pods */ = {
			isa = PBXGroup;
			children = (
				D323308309434ADBE28EA0C8 /* Pods-First_Seminar.debug.xcconfig */,
				33F266797850FD35D85AD1C3 /* Pods-First_Seminar.release.xcconfig */,
			);
			path = Pods;
			sourceTree = "<group>";
		};
		791C59E1A6BDB6604EA717C6 /* Frameworks */ = {
			isa = PBXGroup;
			children = (
				EB8BE4C14222BFF20A78A041 /* Pods_First_Seminar.framework */,
			);
			name = Frameworks;
			sourceTree = "<group>";
		};
		D581500028EBCB640079FFC0 = {
			isa = PBXGroup;
			children = (
				D581500B28EBCB640079FFC0 /* First_Seminar */,
				D581500A28EBCB640079FFC0 /* Products */,
				2C5DAF4EC6144554B08972D6 /* Pods */,
				791C59E1A6BDB6604EA717C6 /* Frameworks */,
			);
			sourceTree = "<group>";
		};
		D581500A28EBCB640079FFC0 /* Products */ = {
			isa = PBXGroup;
			children = (
				D581500928EBCB640079FFC0 /* First_Seminar.app */,
			);
			name = Products;
			sourceTree = "<group>";
		};
		D581500B28EBCB640079FFC0 /* First_Seminar */ = {
			isa = PBXGroup;
			children = (
				09587B2828F87D59000E27F4 /* Global */,
				09587B2928F87D6B000E27F4 /* Screen */,
				D581501728EBCB660079FFC0 /* LaunchScreen.storyboard */,
				D581501A28EBCB660079FFC0 /* Info.plist */,
			);
			path = First_Seminar;
			sourceTree = "<group>";
		};
/* End PBXGroup section */

/* Begin PBXNativeTarget section */
		D581500828EBCB640079FFC0 /* First_Seminar */ = {
			isa = PBXNativeTarget;
			buildConfigurationList = D581501D28EBCB660079FFC0 /* Build configuration list for PBXNativeTarget "First_Seminar" */;
			buildPhases = (
				4CEE16747FD56771AC8DDF87 /* [CP] Check Pods Manifest.lock */,
				D581500528EBCB640079FFC0 /* Sources */,
				D581500628EBCB640079FFC0 /* Frameworks */,
				D581500728EBCB640079FFC0 /* Resources */,
				9BEA2004F8810A039B0CAE03 /* [CP] Embed Pods Frameworks */,
			);
			buildRules = (
			);
			dependencies = (
			);
			name = First_Seminar;
			productName = First_Seminar;
			productReference = D581500928EBCB640079FFC0 /* First_Seminar.app */;
			productType = "com.apple.product-type.application";
		};
/* End PBXNativeTarget section */

/* Begin PBXProject section */
		D581500128EBCB640079FFC0 /* Project object */ = {
			isa = PBXProject;
			attributes = {
				BuildIndependentTargetsInParallel = 1;
				LastSwiftUpdateCheck = 1340;
				LastUpgradeCheck = 1340;
				TargetAttributes = {
					D581500828EBCB640079FFC0 = {
						CreatedOnToolsVersion = 13.4.1;
					};
				};
			};
			buildConfigurationList = D581500428EBCB640079FFC0 /* Build configuration list for PBXProject "First_Seminar" */;
			compatibilityVersion = "Xcode 13.0";
			developmentRegion = en;
			hasScannedForEncodings = 0;
			knownRegions = (
				en,
				Base,
			);
			mainGroup = D581500028EBCB640079FFC0;
			productRefGroup = D581500A28EBCB640079FFC0 /* Products */;
			projectDirPath = "";
			projectRoot = "";
			targets = (
				D581500828EBCB640079FFC0 /* First_Seminar */,
			);
		};
/* End PBXProject section */

/* Begin PBXResourcesBuildPhase section */
		D581500728EBCB640079FFC0 /* Resources */ = {
			isa = PBXResourcesBuildPhase;
			buildActionMask = 2147483647;
			files = (
				D581501928EBCB660079FFC0 /* LaunchScreen.storyboard in Resources */,
				D581501628EBCB660079FFC0 /* Assets.xcassets in Resources */,
			);
			runOnlyForDeploymentPostprocessing = 0;
		};
/* End PBXResourcesBuildPhase section */

/* Begin PBXShellScriptBuildPhase section */
		4CEE16747FD56771AC8DDF87 /* [CP] Check Pods Manifest.lock */ = {
			isa = PBXShellScriptBuildPhase;
			buildActionMask = 2147483647;
			files = (
			);
			inputFileListPaths = (
			);
			inputPaths = (
				"${PODS_PODFILE_DIR_PATH}/Podfile.lock",
				"${PODS_ROOT}/Manifest.lock",
			);
			name = "[CP] Check Pods Manifest.lock";
			outputFileListPaths = (
			);
			outputPaths = (
				"$(DERIVED_FILE_DIR)/Pods-First_Seminar-checkManifestLockResult.txt",
			);
			runOnlyForDeploymentPostprocessing = 0;
			shellPath = /bin/sh;
			shellScript = "diff \"${PODS_PODFILE_DIR_PATH}/Podfile.lock\" \"${PODS_ROOT}/Manifest.lock\" > /dev/null\nif [ $? != 0 ] ; then\n    # print error to STDERR\n    echo \"error: The sandbox is not in sync with the Podfile.lock. Run 'pod install' or update your CocoaPods installation.\" >&2\n    exit 1\nfi\n# This output is used by Xcode 'outputs' to avoid re-running this script phase.\necho \"SUCCESS\" > \"${SCRIPT_OUTPUT_FILE_0}\"\n";
			showEnvVarsInLog = 0;
		};
		9BEA2004F8810A039B0CAE03 /* [CP] Embed Pods Frameworks */ = {
			isa = PBXShellScriptBuildPhase;
			buildActionMask = 2147483647;
			files = (
			);
			inputFileListPaths = (
				"${PODS_ROOT}/Target Support Files/Pods-First_Seminar/Pods-First_Seminar-frameworks-${CONFIGURATION}-input-files.xcfilelist",
			);
			name = "[CP] Embed Pods Frameworks";
			outputFileListPaths = (
				"${PODS_ROOT}/Target Support Files/Pods-First_Seminar/Pods-First_Seminar-frameworks-${CONFIGURATION}-output-files.xcfilelist",
			);
			runOnlyForDeploymentPostprocessing = 0;
			shellPath = /bin/sh;
			shellScript = "\"${PODS_ROOT}/Target Support Files/Pods-First_Seminar/Pods-First_Seminar-frameworks.sh\"\n";
			showEnvVarsInLog = 0;
		};
/* End PBXShellScriptBuildPhase section */

/* Begin PBXSourcesBuildPhase section */
		D581500528EBCB640079FFC0 /* Sources */ = {
			isa = PBXSourcesBuildPhase;
			buildActionMask = 2147483647;
			files = (
				D581502128EC02F10079FFC0 /* SignUpViewController.swift in Sources */,
				D581501128EBCB640079FFC0 /* SignInViewController.swift in Sources */,
				09587B2528F87C30000E27F4 /* UIViewController+.swift in Sources */,
				D581502328EC03800079FFC0 /* WelcomeViewController.swift in Sources */,
				D581500D28EBCB640079FFC0 /* AppDelegate.swift in Sources */,
				09587B1C28F84CCA000E27F4 /* ProfileViewController.swift in Sources */,
				D581500F28EBCB640079FFC0 /* SceneDelegate.swift in Sources */,
				09587B1A28F842BC000E27F4 /* HomeViewController.swift in Sources */,
			);
			runOnlyForDeploymentPostprocessing = 0;
		};
/* End PBXSourcesBuildPhase section */

/* Begin PBXVariantGroup section */
		D581501728EBCB660079FFC0 /* LaunchScreen.storyboard */ = {
			isa = PBXVariantGroup;
			children = (
				D581501828EBCB660079FFC0 /* Base */,
			);
			name = LaunchScreen.storyboard;
			sourceTree = "<group>";
		};
/* End PBXVariantGroup section */

/* Begin XCBuildConfiguration section */
		D581501B28EBCB660079FFC0 /* Debug */ = {
			isa = XCBuildConfiguration;
			buildSettings = {
				ALWAYS_SEARCH_USER_PATHS = NO;
				CLANG_ANALYZER_NONNULL = YES;
				CLANG_ANALYZER_NUMBER_OBJECT_CONVERSION = YES_AGGRESSIVE;
				CLANG_CXX_LANGUAGE_STANDARD = "gnu++17";
				CLANG_ENABLE_MODULES = YES;
				CLANG_ENABLE_OBJC_ARC = YES;
				CLANG_ENABLE_OBJC_WEAK = YES;
				CLANG_WARN_BLOCK_CAPTURE_AUTORELEASING = YES;
				CLANG_WARN_BOOL_CONVERSION = YES;
				CLANG_WARN_COMMA = YES;
				CLANG_WARN_CONSTANT_CONVERSION = YES;
				CLANG_WARN_DEPRECATED_OBJC_IMPLEMENTATIONS = YES;
				CLANG_WARN_DIRECT_OBJC_ISA_USAGE = YES_ERROR;
				CLANG_WARN_DOCUMENTATION_COMMENTS = YES;
				CLANG_WARN_EMPTY_BODY = YES;
				CLANG_WARN_ENUM_CONVERSION = YES;
				CLANG_WARN_INFINITE_RECURSION = YES;
				CLANG_WARN_INT_CONVERSION = YES;
				CLANG_WARN_NON_LITERAL_NULL_CONVERSION = YES;
				CLANG_WARN_OBJC_IMPLICIT_RETAIN_SELF = YES;
				CLANG_WARN_OBJC_LITERAL_CONVERSION = YES;
				CLANG_WARN_OBJC_ROOT_CLASS = YES_ERROR;
				CLANG_WARN_QUOTED_INCLUDE_IN_FRAMEWORK_HEADER = YES;
				CLANG_WARN_RANGE_LOOP_ANALYSIS = YES;
				CLANG_WARN_STRICT_PROTOTYPES = YES;
				CLANG_WARN_SUSPICIOUS_MOVE = YES;
				CLANG_WARN_UNGUARDED_AVAILABILITY = YES_AGGRESSIVE;
				CLANG_WARN_UNREACHABLE_CODE = YES;
				CLANG_WARN__DUPLICATE_METHOD_MATCH = YES;
				COPY_PHASE_STRIP = NO;
				DEBUG_INFORMATION_FORMAT = dwarf;
				ENABLE_STRICT_OBJC_MSGSEND = YES;
				ENABLE_TESTABILITY = YES;
				GCC_C_LANGUAGE_STANDARD = gnu11;
				GCC_DYNAMIC_NO_PIC = NO;
				GCC_NO_COMMON_BLOCKS = YES;
				GCC_OPTIMIZATION_LEVEL = 0;
				GCC_PREPROCESSOR_DEFINITIONS = (
					"DEBUG=1",
					"$(inherited)",
				);
				GCC_WARN_64_TO_32_BIT_CONVERSION = YES;
				GCC_WARN_ABOUT_RETURN_TYPE = YES_ERROR;
				GCC_WARN_UNDECLARED_SELECTOR = YES;
				GCC_WARN_UNINITIALIZED_AUTOS = YES_AGGRESSIVE;
				GCC_WARN_UNUSED_FUNCTION = YES;
				GCC_WARN_UNUSED_VARIABLE = YES;
				IPHONEOS_DEPLOYMENT_TARGET = 15.5;
				MTL_ENABLE_DEBUG_INFO = INCLUDE_SOURCE;
				MTL_FAST_MATH = YES;
				ONLY_ACTIVE_ARCH = YES;
				SDKROOT = iphoneos;
				SWIFT_ACTIVE_COMPILATION_CONDITIONS = DEBUG;
				SWIFT_OPTIMIZATION_LEVEL = "-Onone";
			};
			name = Debug;
		};
		D581501C28EBCB660079FFC0 /* Release */ = {
			isa = XCBuildConfiguration;
			buildSettings = {
				ALWAYS_SEARCH_USER_PATHS = NO;
				CLANG_ANALYZER_NONNULL = YES;
				CLANG_ANALYZER_NUMBER_OBJECT_CONVERSION = YES_AGGRESSIVE;
				CLANG_CXX_LANGUAGE_STANDARD = "gnu++17";
				CLANG_ENABLE_MODULES = YES;
				CLANG_ENABLE_OBJC_ARC = YES;
				CLANG_ENABLE_OBJC_WEAK = YES;
				CLANG_WARN_BLOCK_CAPTURE_AUTORELEASING = YES;
				CLANG_WARN_BOOL_CONVERSION = YES;
				CLANG_WARN_COMMA = YES;
				CLANG_WARN_CONSTANT_CONVERSION = YES;
				CLANG_WARN_DEPRECATED_OBJC_IMPLEMENTATIONS = YES;
				CLANG_WARN_DIRECT_OBJC_ISA_USAGE = YES_ERROR;
				CLANG_WARN_DOCUMENTATION_COMMENTS = YES;
				CLANG_WARN_EMPTY_BODY = YES;
				CLANG_WARN_ENUM_CONVERSION = YES;
				CLANG_WARN_INFINITE_RECURSION = YES;
				CLANG_WARN_INT_CONVERSION = YES;
				CLANG_WARN_NON_LITERAL_NULL_CONVERSION = YES;
				CLANG_WARN_OBJC_IMPLICIT_RETAIN_SELF = YES;
				CLANG_WARN_OBJC_LITERAL_CONVERSION = YES;
				CLANG_WARN_OBJC_ROOT_CLASS = YES_ERROR;
				CLANG_WARN_QUOTED_INCLUDE_IN_FRAMEWORK_HEADER = YES;
				CLANG_WARN_RANGE_LOOP_ANALYSIS = YES;
				CLANG_WARN_STRICT_PROTOTYPES = YES;
				CLANG_WARN_SUSPICIOUS_MOVE = YES;
				CLANG_WARN_UNGUARDED_AVAILABILITY = YES_AGGRESSIVE;
				CLANG_WARN_UNREACHABLE_CODE = YES;
				CLANG_WARN__DUPLICATE_METHOD_MATCH = YES;
				COPY_PHASE_STRIP = NO;
				DEBUG_INFORMATION_FORMAT = "dwarf-with-dsym";
				ENABLE_NS_ASSERTIONS = NO;
				ENABLE_STRICT_OBJC_MSGSEND = YES;
				GCC_C_LANGUAGE_STANDARD = gnu11;
				GCC_NO_COMMON_BLOCKS = YES;
				GCC_WARN_64_TO_32_BIT_CONVERSION = YES;
				GCC_WARN_ABOUT_RETURN_TYPE = YES_ERROR;
				GCC_WARN_UNDECLARED_SELECTOR = YES;
				GCC_WARN_UNINITIALIZED_AUTOS = YES_AGGRESSIVE;
				GCC_WARN_UNUSED_FUNCTION = YES;
				GCC_WARN_UNUSED_VARIABLE = YES;
				IPHONEOS_DEPLOYMENT_TARGET = 15.5;
				MTL_ENABLE_DEBUG_INFO = NO;
				MTL_FAST_MATH = YES;
				SDKROOT = iphoneos;
				SWIFT_COMPILATION_MODE = wholemodule;
				SWIFT_OPTIMIZATION_LEVEL = "-O";
				VALIDATE_PRODUCT = YES;
			};
			name = Release;
		};
		D581501E28EBCB660079FFC0 /* Debug */ = {
			isa = XCBuildConfiguration;
			baseConfigurationReference = D323308309434ADBE28EA0C8 /* Pods-First_Seminar.debug.xcconfig */;
			buildSettings = {
				ASSETCATALOG_COMPILER_APPICON_NAME = AppIcon;
				ASSETCATALOG_COMPILER_GLOBAL_ACCENT_COLOR_NAME = AccentColor;
				CODE_SIGN_STYLE = Automatic;
				CURRENT_PROJECT_VERSION = 1;
				DEVELOPMENT_TEAM = ZLLGCJ8XUL;
				GENERATE_INFOPLIST_FILE = YES;
				INFOPLIST_FILE = First_Seminar/Info.plist;
				INFOPLIST_KEY_UIApplicationSupportsIndirectInputEvents = YES;
				INFOPLIST_KEY_UILaunchStoryboardName = LaunchScreen;
				INFOPLIST_KEY_UISupportedInterfaceOrientations_iPad = "UIInterfaceOrientationPortrait UIInterfaceOrientationPortraitUpsideDown UIInterfaceOrientationLandscapeLeft UIInterfaceOrientationLandscapeRight";
				INFOPLIST_KEY_UISupportedInterfaceOrientations_iPhone = "UIInterfaceOrientationPortrait UIInterfaceOrientationLandscapeLeft UIInterfaceOrientationLandscapeRight";
				LD_RUNPATH_SEARCH_PATHS = (
					"$(inherited)",
					"@executable_path/Frameworks",
				);
				MARKETING_VERSION = 1.0;
				PRODUCT_BUNDLE_IDENTIFIER = "com.jeuniii.First-Seminar";
				PRODUCT_NAME = "$(TARGET_NAME)";
				SWIFT_EMIT_LOC_STRINGS = YES;
				SWIFT_VERSION = 5.0;
				TARGETED_DEVICE_FAMILY = "1,2";
			};
			name = Debug;
		};
		D581501F28EBCB660079FFC0 /* Release */ = {
			isa = XCBuildConfiguration;
			baseConfigurationReference = 33F266797850FD35D85AD1C3 /* Pods-First_Seminar.release.xcconfig */;
			buildSettings = {
				ASSETCATALOG_COMPILER_APPICON_NAME = AppIcon;
				ASSETCATALOG_COMPILER_GLOBAL_ACCENT_COLOR_NAME = AccentColor;
				CODE_SIGN_STYLE = Automatic;
				CURRENT_PROJECT_VERSION = 1;
				DEVELOPMENT_TEAM = ZLLGCJ8XUL;
				GENERATE_INFOPLIST_FILE = YES;
				INFOPLIST_FILE = First_Seminar/Info.plist;
				INFOPLIST_KEY_UIApplicationSupportsIndirectInputEvents = YES;
				INFOPLIST_KEY_UILaunchStoryboardName = LaunchScreen;
				INFOPLIST_KEY_UISupportedInterfaceOrientations_iPad = "UIInterfaceOrientationPortrait UIInterfaceOrientationPortraitUpsideDown UIInterfaceOrientationLandscapeLeft UIInterfaceOrientationLandscapeRight";
				INFOPLIST_KEY_UISupportedInterfaceOrientations_iPhone = "UIInterfaceOrientationPortrait UIInterfaceOrientationLandscapeLeft UIInterfaceOrientationLandscapeRight";
				LD_RUNPATH_SEARCH_PATHS = (
					"$(inherited)",
					"@executable_path/Frameworks",
				);
				MARKETING_VERSION = 1.0;
				PRODUCT_BUNDLE_IDENTIFIER = "com.jeuniii.First-Seminar";
				PRODUCT_NAME = "$(TARGET_NAME)";
				SWIFT_EMIT_LOC_STRINGS = YES;
				SWIFT_VERSION = 5.0;
				TARGETED_DEVICE_FAMILY = "1,2";
			};
			name = Release;
		};
/* End XCBuildConfiguration section */

/* Begin XCConfigurationList section */
		D581500428EBCB640079FFC0 /* Build configuration list for PBXProject "First_Seminar" */ = {
			isa = XCConfigurationList;
			buildConfigurations = (
				D581501B28EBCB660079FFC0 /* Debug */,
				D581501C28EBCB660079FFC0 /* Release */,
			);
			defaultConfigurationIsVisible = 0;
			defaultConfigurationName = Release;
		};
		D581501D28EBCB660079FFC0 /* Build configuration list for PBXNativeTarget "First_Seminar" */ = {
			isa = XCConfigurationList;
			buildConfigurations = (
				D581501E28EBCB660079FFC0 /* Debug */,
				D581501F28EBCB660079FFC0 /* Release */,
			);
			defaultConfigurationIsVisible = 0;
			defaultConfigurationName = Release;
		};
/* End XCConfigurationList section */
	};
	rootObject = D581500128EBCB640079FFC0 /* Project object */;
}
